{
	"name": "solar2d-hex-to-normalized-color",
	"version": "0.2.0",
	"lockfileVersion": 3,
	"requires": true,
	"packages": {
		"": {
			"name": "solar2d-hex-to-normalized-color",
			"version": "0.2.0",
			"devDependencies": {
				"@types/vscode": "^1.73.0"
			},
			"engines": {
				"vscode": "^1.74.0"
			}
		},
		"node_modules/@types/vscode": {
			"version": "1.87.0",
			"resolved": "https://registry.npmjs.org/@types/vscode/-/vscode-1.87.0.tgz",
			"integrity": "sha512-y3yYJV2esWr8LNjp3VNbSMWG7Y43jC8pCldG8YwiHGAQbsymkkMMt0aDT1xZIOFM2eFcNiUc+dJMx1+Z0UT8fg==",
			"dev": true
		}
	}
}
